// !$*UTF8*$!
{
	archiveVersion = 1;
	classes = {
	};
	objectVersion = 70;
	objects = {

/* Begin PBXBuildFile section */
		736E103D2C4F938600EF0E71 /* ContentViewModel.swift in Sources */ = {isa = PBXBuildFile; fileRef = 736E103C2C4F938000EF0E71 /* ContentViewModel.swift */; };
		73B494BC2C4A70B500EC4FFE /* ImageDownloaderApp.swift in Sources */ = {isa = PBXBuildFile; fileRef = 73B494BB2C4A70B500EC4FFE /* ImageDownloaderApp.swift */; };
		73B494BE2C4A70B500EC4FFE /* ContentView.swift in Sources */ = {isa = PBXBuildFile; fileRef = 73B494BD2C4A70B500EC4FFE /* ContentView.swift */; };
		73B494C02C4A70B700EC4FFE /* Assets.xcassets in Resources */ = {isa = PBXBuildFile; fileRef = 73B494BF2C4A70B700EC4FFE /* Assets.xcassets */; };
		73B494C42C4A70B700EC4FFE /* Preview Assets.xcassets in Resources */ = {isa = PBXBuildFile; fileRef = 73B494C32C4A70B700EC4FFE /* Preview Assets.xcassets */; };
		73B494CE2C4A70B800EC4FFE /* ContentViewModelTests.swift in Sources */ = {isa = PBXBuildFile; fileRef = 73B494CD2C4A70B800EC4FFE /* ContentViewModelTests.swift */; };
		73B494E82C4A716A00EC4FFE /* Networking in Resources */ = {isa = PBXBuildFile; fileRef = 73B494E62C4A716A00EC4FFE /* Networking */; };
		73B494EB2C4A71A400EC4FFE /* Networking in Frameworks */ = {isa = PBXBuildFile; productRef = 73B494EA2C4A71A400EC4FFE /* Networking */; };
		73BBCF452C52660C006E8587 /* Readme.md in Resources */ = {isa = PBXBuildFile; fileRef = 73BBCF442C52660C006E8587 /* Readme.md */; };
		73BBCF472C528C1C006E8587 /* OldSolution.swift in Sources */ = {isa = PBXBuildFile; fileRef = 73BBCF462C528C18006E8587 /* OldSolution.swift */; };
/* End PBXBuildFile section */

/* Begin PBXContainerItemProxy section */
		73B494CA2C4A70B800EC4FFE /* PBXContainerItemProxy */ = {
			isa = PBXContainerItemProxy;
			containerPortal = 73B494B02C4A70B500EC4FFE /* Project object */;
			proxyType = 1;
			remoteGlobalIDString = 73B494B72C4A70B500EC4FFE;
			remoteInfo = ImageDownloader;
		};
/* End PBXContainerItemProxy section */

/* Begin PBXFileReference section */
		736E103C2C4F938000EF0E71 /* ContentViewModel.swift */ = {isa = PBXFileReference; lastKnownFileType = sourcecode.swift; path = ContentViewModel.swift; sourceTree = "<group>"; };
		73B494B82C4A70B500EC4FFE /* ImageDownloader.app */ = {isa = PBXFileReference; explicitFileType = wrapper.application; includeInIndex = 0; path = ImageDownloader.app; sourceTree = BUILT_PRODUCTS_DIR; };
		73B494BB2C4A70B500EC4FFE /* ImageDownloaderApp.swift */ = {isa = PBXFileReference; lastKnownFileType = sourcecode.swift; path = ImageDownloaderApp.swift; sourceTree = "<group>"; };
		73B494BD2C4A70B500EC4FFE /* ContentView.swift */ = {isa = PBXFileReference; lastKnownFileType = sourcecode.swift; path = ContentView.swift; sourceTree = "<group>"; };
		73B494BF2C4A70B700EC4FFE /* Assets.xcassets */ = {isa = PBXFileReference; lastKnownFileType = folder.assetcatalog; path = Assets.xcassets; sourceTree = "<group>"; };
		73B494C12C4A70B700EC4FFE /* ImageDownloader.entitlements */ = {isa = PBXFileReference; lastKnownFileType = text.plist.entitlements; path = ImageDownloader.entitlements; sourceTree = "<group>"; };
		73B494C32C4A70B700EC4FFE /* Preview Assets.xcassets */ = {isa = PBXFileReference; lastKnownFileType = folder.assetcatalog; path = "Preview Assets.xcassets"; sourceTree = "<group>"; };
		73B494C92C4A70B800EC4FFE /* ImageDownloaderTests.xctest */ = {isa = PBXFileReference; explicitFileType = wrapper.cfbundle; includeInIndex = 0; path = ImageDownloaderTests.xctest; sourceTree = BUILT_PRODUCTS_DIR; };
		73B494CD2C4A70B800EC4FFE /* ContentViewModelTests.swift */ = {isa = PBXFileReference; lastKnownFileType = sourcecode.swift; path = ContentViewModelTests.swift; sourceTree = "<group>"; };
		73B494E62C4A716A00EC4FFE /* Networking */ = {isa = PBXFileReference; lastKnownFileType = wrapper; path = Networking; sourceTree = "<group>"; };
		73BBCF442C52660C006E8587 /* Readme.md */ = {isa = PBXFileReference; lastKnownFileType = net.daringfireball.markdown; path = Readme.md; sourceTree = "<group>"; };
		73BBCF462C528C18006E8587 /* OldSolution.swift */ = {isa = PBXFileReference; lastKnownFileType = sourcecode.swift; path = OldSolution.swift; sourceTree = "<group>"; };
		73BBCF542C58C1F8006E8587 /* ImageDownloader.xctestplan */ = {isa = PBXFileReference; lastKnownFileType = text; path = ImageDownloader.xctestplan; sourceTree = "<group>"; };
/* End PBXFileReference section */

/* Begin PBXFileSystemSynchronizedBuildFileExceptionSet section */
		736E10432C4FD05900EF0E71 /* PBXFileSystemSynchronizedBuildFileExceptionSet */ = {
			isa = PBXFileSystemSynchronizedBuildFileExceptionSet;
			membershipExceptions = (
				MockImageDownloader.swift,
				MockNetworkMonitor.swift,
				MockNetworkOperationPerformer.swift,
			);
			target = 73B494C82C4A70B800EC4FFE /* ImageDownloaderTests */;
		};
/* End PBXFileSystemSynchronizedBuildFileExceptionSet section */

/* Begin PBXFileSystemSynchronizedRootGroup section */
		736E103F2C4FCFDB00EF0E71 /* Mocks */ = {isa = PBXFileSystemSynchronizedRootGroup; exceptions = (736E10432C4FD05900EF0E71 /* PBXFileSystemSynchronizedBuildFileExceptionSet */, ); explicitFileTypes = {}; explicitFolders = (); path = Mocks; sourceTree = "<group>"; };
/* End PBXFileSystemSynchronizedRootGroup section */

/* Begin PBXFrameworksBuildPhase section */
		73B494B52C4A70B500EC4FFE /* Frameworks */ = {
			isa = PBXFrameworksBuildPhase;
			buildActionMask = 2147483647;
			files = (
				73B494EB2C4A71A400EC4FFE /* Networking in Frameworks */,
			);
			runOnlyForDeploymentPostprocessing = 0;
		};
		73B494C62C4A70B800EC4FFE /* Frameworks */ = {
			isa = PBXFrameworksBuildPhase;
			buildActionMask = 2147483647;
			files = (
			);
			runOnlyForDeploymentPostprocessing = 0;
		};
/* End PBXFrameworksBuildPhase section */

/* Begin PBXGroup section */
		736E103E2C4FCFD600EF0E71 /* Doubles */ = {
			isa = PBXGroup;
			children = (
				736E103F2C4FCFDB00EF0E71 /* Mocks */,
			);
			path = Doubles;
			sourceTree = "<group>";
		};
		73B494AF2C4A70B500EC4FFE = {
			isa = PBXGroup;
			children = (
				73BBCF542C58C1F8006E8587 /* ImageDownloader.xctestplan */,
				73B494E72C4A716A00EC4FFE /* Modules */,
				73B494BA2C4A70B500EC4FFE /* ImageDownloader */,
				73B494CC2C4A70B800EC4FFE /* ImageDownloaderTests */,
				73B494B92C4A70B500EC4FFE /* Products */,
				73B494E92C4A71A400EC4FFE /* Frameworks */,
			);
			sourceTree = "<group>";
		};
		73B494B92C4A70B500EC4FFE /* Products */ = {
			isa = PBXGroup;
			children = (
				73B494B82C4A70B500EC4FFE /* ImageDownloader.app */,
				73B494C92C4A70B800EC4FFE /* ImageDownloaderTests.xctest */,
			);
			name = Products;
			sourceTree = "<group>";
		};
		73B494BA2C4A70B500EC4FFE /* ImageDownloader */ = {
			isa = PBXGroup;
			children = (
				73BBCF462C528C18006E8587 /* OldSolution.swift */,
				73B494BB2C4A70B500EC4FFE /* ImageDownloaderApp.swift */,
				73B494BD2C4A70B500EC4FFE /* ContentView.swift */,
				736E103C2C4F938000EF0E71 /* ContentViewModel.swift */,
				73BBCF442C52660C006E8587 /* Readme.md */,
				73B494BF2C4A70B700EC4FFE /* Assets.xcassets */,
				73B494C12C4A70B700EC4FFE /* ImageDownloader.entitlements */,
				73B494C22C4A70B700EC4FFE /* Preview Content */,
			);
			path = ImageDownloader;
			sourceTree = "<group>";
		};
		73B494C22C4A70B700EC4FFE /* Preview Content */ = {
			isa = PBXGroup;
			children = (
				73B494C32C4A70B700EC4FFE /* Preview Assets.xcassets */,
			);
			path = "Preview Content";
			sourceTree = "<group>";
		};
		73B494CC2C4A70B800EC4FFE /* ImageDownloaderTests */ = {
			isa = PBXGroup;
			children = (
				736E103E2C4FCFD600EF0E71 /* Doubles */,
				73B494CD2C4A70B800EC4FFE /* ContentViewModelTests.swift */,
			);
			path = ImageDownloaderTests;
			sourceTree = "<group>";
		};
		73B494E72C4A716A00EC4FFE /* Modules */ = {
			isa = PBXGroup;
			children = (
				73B494E62C4A716A00EC4FFE /* Networking */,
			);
			path = Modules;
			sourceTree = "<group>";
		};
		73B494E92C4A71A400EC4FFE /* Frameworks */ = {
			isa = PBXGroup;
			children = (
			);
			name = Frameworks;
			sourceTree = "<group>";
		};
/* End PBXGroup section */

/* Begin PBXNativeTarget section */
		73B494B72C4A70B500EC4FFE /* ImageDownloader */ = {
			isa = PBXNativeTarget;
			buildConfigurationList = 73B494DD2C4A70B800EC4FFE /* Build configuration list for PBXNativeTarget "ImageDownloader" */;
			buildPhases = (
				73B494B42C4A70B500EC4FFE /* Sources */,
				73B494B52C4A70B500EC4FFE /* Frameworks */,
				73B494B62C4A70B500EC4FFE /* Resources */,
			);
			buildRules = (
			);
			dependencies = (
			);
			name = ImageDownloader;
			packageProductDependencies = (
				73B494EA2C4A71A400EC4FFE /* Networking */,
			);
			productName = ImageDownloader;
			productReference = 73B494B82C4A70B500EC4FFE /* ImageDownloader.app */;
			productType = "com.apple.product-type.application";
		};
		73B494C82C4A70B800EC4FFE /* ImageDownloaderTests */ = {
			isa = PBXNativeTarget;
			buildConfigurationList = 73B494E02C4A70B800EC4FFE /* Build configuration list for PBXNativeTarget "ImageDownloaderTests" */;
			buildPhases = (
				73B494C52C4A70B800EC4FFE /* Sources */,
				73B494C62C4A70B800EC4FFE /* Frameworks */,
				73B494C72C4A70B800EC4FFE /* Resources */,
			);
			buildRules = (
			);
			dependencies = (
				73B494CB2C4A70B800EC4FFE /* PBXTargetDependency */,
			);
			name = ImageDownloaderTests;
			productName = ImageDownloaderTests;
			productReference = 73B494C92C4A70B800EC4FFE /* ImageDownloaderTests.xctest */;
			productType = "com.apple.product-type.bundle.unit-test";
		};
/* End PBXNativeTarget section */

/* Begin PBXProject section */
		73B494B02C4A70B500EC4FFE /* Project object */ = {
			isa = PBXProject;
			attributes = {
				BuildIndependentTargetsInParallel = 1;
				LastSwiftUpdateCheck = 1540;
				LastUpgradeCheck = 1600;
				TargetAttributes = {
					73B494B72C4A70B500EC4FFE = {
						CreatedOnToolsVersion = 15.4;
					};
					73B494C82C4A70B800EC4FFE = {
						CreatedOnToolsVersion = 15.4;
						TestTargetID = 73B494B72C4A70B500EC4FFE;
					};
				};
			};
			buildConfigurationList = 73B494B32C4A70B500EC4FFE /* Build configuration list for PBXProject "ImageDownloader" */;
			compatibilityVersion = "Xcode 14.0";
			developmentRegion = en;
			hasScannedForEncodings = 0;
			knownRegions = (
				en,
				Base,
			);
			mainGroup = 73B494AF2C4A70B500EC4FFE;
			productRefGroup = 73B494B92C4A70B500EC4FFE /* Products */;
			projectDirPath = "";
			projectRoot = "";
			targets = (
				73B494B72C4A70B500EC4FFE /* ImageDownloader */,
				73B494C82C4A70B800EC4FFE /* ImageDownloaderTests */,
			);
		};
/* End PBXProject section */

/* Begin PBXResourcesBuildPhase section */
		73B494B62C4A70B500EC4FFE /* Resources */ = {
			isa = PBXResourcesBuildPhase;
			buildActionMask = 2147483647;
			files = (
				73B494E82C4A716A00EC4FFE /* Networking in Resources */,
				73B494C42C4A70B700EC4FFE /* Preview Assets.xcassets in Resources */,
				73BBCF452C52660C006E8587 /* Readme.md in Resources */,
				73B494C02C4A70B700EC4FFE /* Assets.xcassets in Resources */,
			);
			runOnlyForDeploymentPostprocessing = 0;
		};
		73B494C72C4A70B800EC4FFE /* Resources */ = {
			isa = PBXResourcesBuildPhase;
			buildActionMask = 2147483647;
			files = (
			);
			runOnlyForDeploymentPostprocessing = 0;
		};
/* End PBXResourcesBuildPhase section */

/* Begin PBXSourcesBuildPhase section */
		73B494B42C4A70B500EC4FFE /* Sources */ = {
			isa = PBXSourcesBuildPhase;
			buildActionMask = 2147483647;
			files = (
				73BBCF472C528C1C006E8587 /* OldSolution.swift in Sources */,
				73B494BE2C4A70B500EC4FFE /* ContentView.swift in Sources */,
				73B494BC2C4A70B500EC4FFE /* ImageDownloaderApp.swift in Sources */,
				736E103D2C4F938600EF0E71 /* ContentViewModel.swift in Sources */,
			);
			runOnlyForDeploymentPostprocessing = 0;
		};
		73B494C52C4A70B800EC4FFE /* Sources */ = {
			isa = PBXSourcesBuildPhase;
			buildActionMask = 2147483647;
			files = (
				73B494CE2C4A70B800EC4FFE /* ContentViewModelTests.swift in Sources */,
			);
			runOnlyForDeploymentPostprocessing = 0;
		};
/* End PBXSourcesBuildPhase section */

/* Begin PBXTargetDependency section */
		73B494CB2C4A70B800EC4FFE /* PBXTargetDependency */ = {
			isa = PBXTargetDependency;
			target = 73B494B72C4A70B500EC4FFE /* ImageDownloader */;
			targetProxy = 73B494CA2C4A70B800EC4FFE /* PBXContainerItemProxy */;
		};
/* End PBXTargetDependency section */

/* Begin XCBuildConfiguration section */
		73B494DB2C4A70B800EC4FFE /* Debug */ = {
			isa = XCBuildConfiguration;
			buildSettings = {
				ALWAYS_SEARCH_USER_PATHS = NO;
				ASSETCATALOG_COMPILER_GENERATE_SWIFT_ASSET_SYMBOL_EXTENSIONS = YES;
				CLANG_ANALYZER_NONNULL = YES;
				CLANG_ANALYZER_NUMBER_OBJECT_CONVERSION = YES_AGGRESSIVE;
				CLANG_CXX_LANGUAGE_STANDARD = "gnu++20";
				CLANG_ENABLE_MODULES = YES;
				CLANG_ENABLE_OBJC_ARC = YES;
				CLANG_ENABLE_OBJC_WEAK = YES;
				CLANG_WARN_BLOCK_CAPTURE_AUTORELEASING = YES;
				CLANG_WARN_BOOL_CONVERSION = YES;
				CLANG_WARN_COMMA = YES;
				CLANG_WARN_CONSTANT_CONVERSION = YES;
				CLANG_WARN_DEPRECATED_OBJC_IMPLEMENTATIONS = YES;
				CLANG_WARN_DIRECT_OBJC_ISA_USAGE = YES_ERROR;
				CLANG_WARN_DOCUMENTATION_COMMENTS = YES;
				CLANG_WARN_EMPTY_BODY = YES;
				CLANG_WARN_ENUM_CONVERSION = YES;
				CLANG_WARN_INFINITE_RECURSION = YES;
				CLANG_WARN_INT_CONVERSION = YES;
				CLANG_WARN_NON_LITERAL_NULL_CONVERSION = YES;
				CLANG_WARN_OBJC_IMPLICIT_RETAIN_SELF = YES;
				CLANG_WARN_OBJC_LITERAL_CONVERSION = YES;
				CLANG_WARN_OBJC_ROOT_CLASS = YES_ERROR;
				CLANG_WARN_QUOTED_INCLUDE_IN_FRAMEWORK_HEADER = YES;
				CLANG_WARN_RANGE_LOOP_ANALYSIS = YES;
				CLANG_WARN_STRICT_PROTOTYPES = YES;
				CLANG_WARN_SUSPICIOUS_MOVE = YES;
				CLANG_WARN_UNGUARDED_AVAILABILITY = YES_AGGRESSIVE;
				CLANG_WARN_UNREACHABLE_CODE = YES;
				CLANG_WARN__DUPLICATE_METHOD_MATCH = YES;
				COPY_PHASE_STRIP = NO;
				DEAD_CODE_STRIPPING = YES;
				DEBUG_INFORMATION_FORMAT = dwarf;
				ENABLE_STRICT_OBJC_MSGSEND = YES;
				ENABLE_TESTABILITY = YES;
				ENABLE_USER_SCRIPT_SANDBOXING = YES;
				GCC_C_LANGUAGE_STANDARD = gnu17;
				GCC_DYNAMIC_NO_PIC = NO;
				GCC_NO_COMMON_BLOCKS = YES;
				GCC_OPTIMIZATION_LEVEL = 0;
				GCC_PREPROCESSOR_DEFINITIONS = (
					"DEBUG=1",
					"$(inherited)",
				);
				GCC_WARN_64_TO_32_BIT_CONVERSION = YES;
				GCC_WARN_ABOUT_RETURN_TYPE = YES_ERROR;
				GCC_WARN_UNDECLARED_SELECTOR = YES;
				GCC_WARN_UNINITIALIZED_AUTOS = YES_AGGRESSIVE;
				GCC_WARN_UNUSED_FUNCTION = YES;
				GCC_WARN_UNUSED_VARIABLE = YES;
				IPHONEOS_DEPLOYMENT_TARGET = 15.0;
				LOCALIZATION_PREFERS_STRING_CATALOGS = YES;
				MTL_ENABLE_DEBUG_INFO = INCLUDE_SOURCE;
				MTL_FAST_MATH = YES;
				ONLY_ACTIVE_ARCH = YES;
				SWIFT_ACTIVE_COMPILATION_CONDITIONS = "DEBUG $(inherited)";
				SWIFT_OPTIMIZATION_LEVEL = "-Onone";
			};
			name = Debug;
		};
		73B494DC2C4A70B800EC4FFE /* Release */ = {
			isa = XCBuildConfiguration;
			buildSettings = {
				ALWAYS_SEARCH_USER_PATHS = NO;
				ASSETCATALOG_COMPILER_GENERATE_SWIFT_ASSET_SYMBOL_EXTENSIONS = YES;
				CLANG_ANALYZER_NONNULL = YES;
				CLANG_ANALYZER_NUMBER_OBJECT_CONVERSION = YES_AGGRESSIVE;
				CLANG_CXX_LANGUAGE_STANDARD = "gnu++20";
				CLANG_ENABLE_MODULES = YES;
				CLANG_ENABLE_OBJC_ARC = YES;
				CLANG_ENABLE_OBJC_WEAK = YES;
				CLANG_WARN_BLOCK_CAPTURE_AUTORELEASING = YES;
				CLANG_WARN_BOOL_CONVERSION = YES;
				CLANG_WARN_COMMA = YES;
				CLANG_WARN_CONSTANT_CONVERSION = YES;
				CLANG_WARN_DEPRECATED_OBJC_IMPLEMENTATIONS = YES;
				CLANG_WARN_DIRECT_OBJC_ISA_USAGE = YES_ERROR;
				CLANG_WARN_DOCUMENTATION_COMMENTS = YES;
				CLANG_WARN_EMPTY_BODY = YES;
				CLANG_WARN_ENUM_CONVERSION = YES;
				CLANG_WARN_INFINITE_RECURSION = YES;
				CLANG_WARN_INT_CONVERSION = YES;
				CLANG_WARN_NON_LITERAL_NULL_CONVERSION = YES;
				CLANG_WARN_OBJC_IMPLICIT_RETAIN_SELF = YES;
				CLANG_WARN_OBJC_LITERAL_CONVERSION = YES;
				CLANG_WARN_OBJC_ROOT_CLASS = YES_ERROR;
				CLANG_WARN_QUOTED_INCLUDE_IN_FRAMEWORK_HEADER = YES;
				CLANG_WARN_RANGE_LOOP_ANALYSIS = YES;
				CLANG_WARN_STRICT_PROTOTYPES = YES;
				CLANG_WARN_SUSPICIOUS_MOVE = YES;
				CLANG_WARN_UNGUARDED_AVAILABILITY = YES_AGGRESSIVE;
				CLANG_WARN_UNREACHABLE_CODE = YES;
				CLANG_WARN__DUPLICATE_METHOD_MATCH = YES;
				COPY_PHASE_STRIP = NO;
				DEAD_CODE_STRIPPING = YES;
				DEBUG_INFORMATION_FORMAT = "dwarf-with-dsym";
				ENABLE_NS_ASSERTIONS = NO;
				ENABLE_STRICT_OBJC_MSGSEND = YES;
				ENABLE_USER_SCRIPT_SANDBOXING = YES;
				GCC_C_LANGUAGE_STANDARD = gnu17;
				GCC_NO_COMMON_BLOCKS = YES;
				GCC_WARN_64_TO_32_BIT_CONVERSION = YES;
				GCC_WARN_ABOUT_RETURN_TYPE = YES_ERROR;
				GCC_WARN_UNDECLARED_SELECTOR = YES;
				GCC_WARN_UNINITIALIZED_AUTOS = YES_AGGRESSIVE;
				GCC_WARN_UNUSED_FUNCTION = YES;
				GCC_WARN_UNUSED_VARIABLE = YES;
				IPHONEOS_DEPLOYMENT_TARGET = 15.0;
				LOCALIZATION_PREFERS_STRING_CATALOGS = YES;
				MTL_ENABLE_DEBUG_INFO = NO;
				MTL_FAST_MATH = YES;
				SWIFT_COMPILATION_MODE = wholemodule;
			};
			name = Release;
		};
		73B494DE2C4A70B800EC4FFE /* Debug */ = {
			isa = XCBuildConfiguration;
			buildSettings = {
				ASSETCATALOG_COMPILER_APPICON_NAME = AppIcon;
				ASSETCATALOG_COMPILER_GLOBAL_ACCENT_COLOR_NAME = AccentColor;
				CODE_SIGN_ENTITLEMENTS = ImageDownloader/ImageDownloader.entitlements;
				CODE_SIGN_STYLE = Automatic;
				CURRENT_PROJECT_VERSION = 1;
				DEAD_CODE_STRIPPING = YES;
				DEVELOPMENT_ASSET_PATHS = "\"ImageDownloader/Preview Content\"";
				ENABLE_PREVIEWS = YES;
				GENERATE_INFOPLIST_FILE = YES;
				"INFOPLIST_KEY_UIApplicationSceneManifest_Generation[sdk=iphoneos*]" = YES;
				"INFOPLIST_KEY_UIApplicationSceneManifest_Generation[sdk=iphonesimulator*]" = YES;
				"INFOPLIST_KEY_UIApplicationSupportsIndirectInputEvents[sdk=iphoneos*]" = YES;
				"INFOPLIST_KEY_UIApplicationSupportsIndirectInputEvents[sdk=iphonesimulator*]" = YES;
				"INFOPLIST_KEY_UILaunchScreen_Generation[sdk=iphoneos*]" = YES;
				"INFOPLIST_KEY_UILaunchScreen_Generation[sdk=iphonesimulator*]" = YES;
				"INFOPLIST_KEY_UIStatusBarStyle[sdk=iphoneos*]" = UIStatusBarStyleDefault;
				"INFOPLIST_KEY_UIStatusBarStyle[sdk=iphonesimulator*]" = UIStatusBarStyleDefault;
				INFOPLIST_KEY_UISupportedInterfaceOrientations_iPad = "UIInterfaceOrientationPortrait UIInterfaceOrientationPortraitUpsideDown UIInterfaceOrientationLandscapeLeft UIInterfaceOrientationLandscapeRight";
				INFOPLIST_KEY_UISupportedInterfaceOrientations_iPhone = "UIInterfaceOrientationPortrait UIInterfaceOrientationLandscapeLeft UIInterfaceOrientationLandscapeRight";
				IPHONEOS_DEPLOYMENT_TARGET = 17.5;
				LD_RUNPATH_SEARCH_PATHS = "@executable_path/Frameworks";
				"LD_RUNPATH_SEARCH_PATHS[sdk=macosx*]" = "@executable_path/../Frameworks";
				MACOSX_DEPLOYMENT_TARGET = 14.5;
				MARKETING_VERSION = 1.0;
				PRODUCT_BUNDLE_IDENTIFIER = com.smartapps.ImageDownloader;
				PRODUCT_NAME = "$(TARGET_NAME)";
				SDKROOT = auto;
				SUPPORTED_PLATFORMS = "iphoneos iphonesimulator";
				SUPPORTS_MACCATALYST = NO;
				SWIFT_EMIT_LOC_STRINGS = YES;
				SWIFT_VERSION = 5.0;
				TARGETED_DEVICE_FAMILY = "1,2";
			};
			name = Debug;
		};
		73B494DF2C4A70B800EC4FFE /* Release */ = {
			isa = XCBuildConfiguration;
			buildSettings = {
				ASSETCATALOG_COMPILER_APPICON_NAME = AppIcon;
				ASSETCATALOG_COMPILER_GLOBAL_ACCENT_COLOR_NAME = AccentColor;
				CODE_SIGN_ENTITLEMENTS = ImageDownloader/ImageDownloader.entitlements;
				CODE_SIGN_STYLE = Automatic;
				CURRENT_PROJECT_VERSION = 1;
				DEAD_CODE_STRIPPING = YES;
				DEVELOPMENT_ASSET_PATHS = "\"ImageDownloader/Preview Content\"";
				ENABLE_PREVIEWS = YES;
				GENERATE_INFOPLIST_FILE = YES;
				"INFOPLIST_KEY_UIApplicationSceneManifest_Generation[sdk=iphoneos*]" = YES;
				"INFOPLIST_KEY_UIApplicationSceneManifest_Generation[sdk=iphonesimulator*]" = YES;
				"INFOPLIST_KEY_UIApplicationSupportsIndirectInputEvents[sdk=iphoneos*]" = YES;
				"INFOPLIST_KEY_UIApplicationSupportsIndirectInputEvents[sdk=iphonesimulator*]" = YES;
				"INFOPLIST_KEY_UILaunchScreen_Generation[sdk=iphoneos*]" = YES;
				"INFOPLIST_KEY_UILaunchScreen_Generation[sdk=iphonesimulator*]" = YES;
				"INFOPLIST_KEY_UIStatusBarStyle[sdk=iphoneos*]" = UIStatusBarStyleDefault;
				"INFOPLIST_KEY_UIStatusBarStyle[sdk=iphonesimulator*]" = UIStatusBarStyleDefault;
				INFOPLIST_KEY_UISupportedInterfaceOrientations_iPad = "UIInterfaceOrientationPortrait UIInterfaceOrientationPortraitUpsideDown UIInterfaceOrientationLandscapeLeft UIInterfaceOrientationLandscapeRight";
				INFOPLIST_KEY_UISupportedInterfaceOrientations_iPhone = "UIInterfaceOrientationPortrait UIInterfaceOrientationLandscapeLeft UIInterfaceOrientationLandscapeRight";
				IPHONEOS_DEPLOYMENT_TARGET = 17.5;
				LD_RUNPATH_SEARCH_PATHS = "@executable_path/Frameworks";
				"LD_RUNPATH_SEARCH_PATHS[sdk=macosx*]" = "@executable_path/../Frameworks";
				MACOSX_DEPLOYMENT_TARGET = 14.5;
				MARKETING_VERSION = 1.0;
				PRODUCT_BUNDLE_IDENTIFIER = com.smartapps.ImageDownloader;
				PRODUCT_NAME = "$(TARGET_NAME)";
				SDKROOT = auto;
				SUPPORTED_PLATFORMS = "iphoneos iphonesimulator";
				SUPPORTS_MACCATALYST = NO;
				SWIFT_EMIT_LOC_STRINGS = YES;
				SWIFT_VERSION = 5.0;
				TARGETED_DEVICE_FAMILY = "1,2";
			};
			name = Release;
		};
		73B494E12C4A70B800EC4FFE /* Debug */ = {
			isa = XCBuildConfiguration;
			buildSettings = {
				BUNDLE_LOADER = "$(TEST_HOST)";
				CODE_SIGN_STYLE = Automatic;
				CURRENT_PROJECT_VERSION = 1;
				DEAD_CODE_STRIPPING = YES;
				GENERATE_INFOPLIST_FILE = YES;
				IPHONEOS_DEPLOYMENT_TARGET = 17.5;
				MACOSX_DEPLOYMENT_TARGET = 14.5;
				MARKETING_VERSION = 1.0;
				PRODUCT_BUNDLE_IDENTIFIER = com.smartapps.ImageDownloaderTests;
				PRODUCT_NAME = "$(TARGET_NAME)";
				SDKROOT = auto;
				SUPPORTED_PLATFORMS = "iphoneos iphonesimulator macosx";
				SWIFT_EMIT_LOC_STRINGS = NO;
				SWIFT_VERSION = 5.0;
				TARGETED_DEVICE_FAMILY = "1,2";
				TEST_HOST = "$(BUILT_PRODUCTS_DIR)/ImageDownloader.app/$(BUNDLE_EXECUTABLE_FOLDER_PATH)/ImageDownloader";
			};
			name = Debug;
		};
		73B494E22C4A70B800EC4FFE /* Release */ = {
			isa = XCBuildConfiguration;
			buildSettings = {
				BUNDLE_LOADER = "$(TEST_HOST)";
				CODE_SIGN_STYLE = Automatic;
				CURRENT_PROJECT_VERSION = 1;
				DEAD_CODE_STRIPPING = YES;
				GENERATE_INFOPLIST_FILE = YES;
				IPHONEOS_DEPLOYMENT_TARGET = 17.5;
				MACOSX_DEPLOYMENT_TARGET = 14.5;
				MARKETING_VERSION = 1.0;
				PRODUCT_BUNDLE_IDENTIFIER = com.smartapps.ImageDownloaderTests;
				PRODUCT_NAME = "$(TARGET_NAME)";
				SDKROOT = auto;
				SUPPORTED_PLATFORMS = "iphoneos iphonesimulator macosx";
				SWIFT_EMIT_LOC_STRINGS = NO;
				SWIFT_VERSION = 5.0;
				TARGETED_DEVICE_FAMILY = "1,2";
				TEST_HOST = "$(BUILT_PRODUCTS_DIR)/ImageDownloader.app/$(BUNDLE_EXECUTABLE_FOLDER_PATH)/ImageDownloader";
			};
			name = Release;
		};
/* End XCBuildConfiguration section */

/* Begin XCConfigurationList section */
		73B494B32C4A70B500EC4FFE /* Build configuration list for PBXProject "ImageDownloader" */ = {
			isa = XCConfigurationList;
			buildConfigurations = (
				73B494DB2C4A70B800EC4FFE /* Debug */,
				73B494DC2C4A70B800EC4FFE /* Release */,
			);
			defaultConfigurationIsVisible = 0;
			defaultConfigurationName = Release;
		};
		73B494DD2C4A70B800EC4FFE /* Build configuration list for PBXNativeTarget "ImageDownloader" */ = {
			isa = XCConfigurationList;
			buildConfigurations = (
				73B494DE2C4A70B800EC4FFE /* Debug */,
				73B494DF2C4A70B800EC4FFE /* Release */,
			);
			defaultConfigurationIsVisible = 0;
			defaultConfigurationName = Release;
		};
		73B494E02C4A70B800EC4FFE /* Build configuration list for PBXNativeTarget "ImageDownloaderTests" */ = {
			isa = XCConfigurationList;
			buildConfigurations = (
				73B494E12C4A70B800EC4FFE /* Debug */,
				73B494E22C4A70B800EC4FFE /* Release */,
			);
			defaultConfigurationIsVisible = 0;
			defaultConfigurationName = Release;
		};
/* End XCConfigurationList section */

/* Begin XCSwiftPackageProductDependency section */
		73B494EA2C4A71A400EC4FFE /* Networking */ = {
			isa = XCSwiftPackageProductDependency;
			productName = Networking;
		};
/* End XCSwiftPackageProductDependency section */
	};
	rootObject = 73B494B02C4A70B500EC4FFE /* Project object */;
}
